
Microsoft Visual Studio Solution File, Format Version 12.00
# Visual Studio Version 18
VisualStudioVersion = 18.4.11626.88
MinimumVisualStudioVersion = 10.0.40219.1
Project("{FAE04EC0-301F-11D3-BF4B-00C04F79EFBC}") = "GuardiansOfRedemption", "GuardiansOfRedemption.csproj", "{A900983D-059D-7235-1C48-77CC4490AFB4}"
EndProject
Project("{FAE04EC0-301F-11D3-BF4B-00C04F79EFBC}") = "OrchidMod", "..\OrchidMod\OrchidMod.csproj", "{3DB0CFEB-05A1-C748-5449-934A8E0B3CA6}"
EndProject
Global
	GlobalSection(SolutionConfigurationPlatforms) = preSolution
		Debug|Any CPU = Debug|Any CPU
		Release|Any CPU = Release|Any CPU
	EndGlobalSection
	GlobalSection(ProjectConfigurationPlatforms) = postSolution
		{A900983D-059D-7235-1C48-77CC4490AFB4}.Debug|Any CPU.ActiveCfg = Debug|Any CPU
		{A900983D-059D-7235-1C48-77CC4490AFB4}.Debug|Any CPU.Build.0 = Debug|Any CPU
		{A900983D-059D-7235-1C48-77CC4490AFB4}.Release|Any CPU.ActiveCfg = Release|Any CPU
		{A900983D-059D-7235-1C48-77CC4490AFB4}.Release|Any CPU.Build.0 = Release|Any CPU
		{3DB0CFEB-05A1-C748-5449-934A8E0B3CA6}.Debug|Any CPU.ActiveCfg = Debug|Any CPU
		{3DB0CFEB-05A1-C748-5449-934A8E0B3CA6}.Debug|Any CPU.Build.0 = Debug|Any CPU
		{3DB0CFEB-05A1-C748-5449-934A8E0B3CA6}.Release|Any CPU.ActiveCfg = Release|Any CPU
		{3DB0CFEB-05A1-C748-5449-934A8E0B3CA6}.Release|Any CPU.Build.0 = Release|Any CPU
	EndGlobalSection
	GlobalSection(SolutionProperties) = preSolution
		HideSolutionNode = FALSE
	EndGlobalSection
	GlobalSection(ExtensibilityGlobals) = postSolution
		SolutionGuid = {3A8C8E7E-2EAF-4B89-B344-1AEBFC627D22}
	EndGlobalSection
EndGlobal
